{
  "nodes": {
    "nixpkgs": {
      "locked": {
        "lastModified": 1737264083,
        "narHash": "sha256-6QqSrHPN+ZD+7HuadVLuFNUaM8XnmZF3EO7QViM1b80=",
        "owner": "NixOS",
        "repo": "nixpkgs",
        "rev": "aa6ae0afa6adeb5c202a168e51eda1d3da571117",
        "type": "github"
      },
      "original": {
        "owner": "NixOS",
        "ref": "nixpkgs-unstable",
        "repo": "nixpkgs",
        "type": "github"
      }
    },
    "root": {
      "inputs": {
        "nixpkgs": "nixpkgs",
        "selfup": "selfup"
      }
    },
    "selfup": {
      "inputs": {
        "nixpkgs": [
          "nixpkgs"
        ]
      },
      "locked": {
        "lastModified": 1733754336,
        "narHash": "sha256-Sy4LfPXqa2CKnySCFTLMwU5mSKxKOdeC52Yjoomcbvs=",
        "owner": "kachick",
        "repo": "selfup",
        "rev": "ecb158813e7ade0a2e9b88b186460d052a906f20",
        "type": "github"
      },
      "original": {
        "owner": "kachick",
        "ref": "v1.1.8",
        "repo": "selfup",
        "type": "github"
      }
    }
  },
  "root": "root",
  "version": 7
}
